
Microsoft Visual Studio Solution File, Format Version 12.00
# Visual Studio Version 17
VisualStudioVersion = 17.3.32819.101
MinimumVisualStudioVersion = 10.0.40219.1
Project("{FAE04EC0-301F-11D3-BF4B-00C04F79EFBC}") = "ImperfectDatabaseApi", "ImperfectDatabaseApi\ImperfectDatabaseApi.csproj", "{4FA89398-1175-4413-A73A-DEACDE165B15}"
EndProject
Global
	GlobalSection(SolutionConfigurationPlatforms) = preSolution
		Debug|Any CPU = Debug|Any CPU
		Release|Any CPU = Release|Any CPU
	EndGlobalSection
	GlobalSection(ProjectConfigurationPlatforms) = postSolution
		{4FA89398-1175-4413-A73A-DEACDE165B15}.Debug|Any CPU.ActiveCfg = Debug|Any CPU
		{4FA89398-1175-4413-A73A-DEACDE165B15}.Debug|Any CPU.Build.0 = Debug|Any CPU
		{4FA89398-1175-4413-A73A-DEACDE165B15}.Release|Any CPU.ActiveCfg = Release|Any CPU
		{4FA89398-1175-4413-A73A-DEACDE165B15}.Release|Any CPU.Build.0 = Release|Any CPU
	EndGlobalSection
	GlobalSection(SolutionProperties) = preSolution
		HideSolutionNode = FALSE
	EndGlobalSection
	GlobalSection(ExtensibilityGlobals) = postSolution
		SolutionGuid = {454FAA67-FD32-42DB-99E9-A528DB3A5248}
	EndGlobalSection
EndGlobal
